
Microsoft Visual Studio Solution File, Format Version 12.00
# Visual Studio Version 16
VisualStudioVersion = 16.0.30503.244
MinimumVisualStudioVersion = 10.0.40219.1
Project("{FAE04EC0-301F-11D3-BF4B-00C04F79EFBC}") = "DesignPattern", "DesignPattern\DesignPattern.csproj", "{0B3D6620-8BA2-4A38-A74D-FBE835C0A546}"
EndProject
Global
	GlobalSection(SolutionConfigurationPlatforms) = preSolution
		Debug|Any CPU = Debug|Any CPU
		Release|Any CPU = Release|Any CPU
	EndGlobalSection
	GlobalSection(ProjectConfigurationPlatforms) = postSolution
		{0B3D6620-8BA2-4A38-A74D-FBE835C0A546}.Debug|Any CPU.ActiveCfg = Debug|Any CPU
		{0B3D6620-8BA2-4A38-A74D-FBE835C0A546}.Debug|Any CPU.Build.0 = Debug|Any CPU
		{0B3D6620-8BA2-4A38-A74D-FBE835C0A546}.Release|Any CPU.ActiveCfg = Release|Any CPU
		{0B3D6620-8BA2-4A38-A74D-FBE835C0A546}.Release|Any CPU.Build.0 = Release|Any CPU
	EndGlobalSection
	GlobalSection(SolutionProperties) = preSolution
		HideSolutionNode = FALSE
	EndGlobalSection
	GlobalSection(ExtensibilityGlobals) = postSolution
		SolutionGuid = {EAA0EBB7-3618-4F27-9017-938A3D129C5B}
	EndGlobalSection
EndGlobal
